
Microsoft Visual Studio Solution File, Format Version 12.00
# Visual Studio Version 16
VisualStudioVersion = 16.0.31624.102
MinimumVisualStudioVersion = 10.0.40219.1
Project("{FAE04EC0-301F-11D3-BF4B-00C04F79EFBC}") = "LocalizationTool", "LocalizationTool\LocalizationTool.csproj", "{A2C7F610-D962-47EC-BD4D-36FD186A9D59}"
EndProject
Global
	GlobalSection(SolutionConfigurationPlatforms) = preSolution
		Debug|Any CPU = Debug|Any CPU
		Release|Any CPU = Release|Any CPU
	EndGlobalSection
	GlobalSection(ProjectConfigurationPlatforms) = postSolution
		{A2C7F610-D962-47EC-BD4D-36FD186A9D59}.Debug|Any CPU.ActiveCfg = Debug|Any CPU
		{A2C7F610-D962-47EC-BD4D-36FD186A9D59}.Debug|Any CPU.Build.0 = Debug|Any CPU
		{A2C7F610-D962-47EC-BD4D-36FD186A9D59}.Release|Any CPU.ActiveCfg = Release|Any CPU
		{A2C7F610-D962-47EC-BD4D-36FD186A9D59}.Release|Any CPU.Build.0 = Release|Any CPU
	EndGlobalSection
	GlobalSection(SolutionProperties) = preSolution
		HideSolutionNode = FALSE
	EndGlobalSection
	GlobalSection(ExtensibilityGlobals) = postSolution
		SolutionGuid = {CB6A576D-FC50-4DB8-93A9-0F0D10DD0CB0}
	EndGlobalSection
EndGlobal
